github.com/google/go-cmp v0.5.9 h1:O2Tfq5qg4qc4AmwVlvv0oLiVAGB7enBSJ2x2DqQFi38=
golang.org/x/exp v0.0.0-20230224173230-c95f2b4c22f2 h1:Jvc7gsqn21cJHCmAWx0LiimpP18LZmUxkT5Mp7EZ1mI=
golang.org/x/exp v0.0.0-20230224173230-c95f2b4c22f2/go.mod h1:CxIveKay+FTh1D0yPZemJVgC/95VzuuOLq5Qi4xnoYc=
golang.org/x/exp v0.0.0-20230321023759-10a507213a29 h1:ooxPy7fPvB4kwsA2h+iBNHkAbp/4JxTSwCmvdjEYmug=
golang.org/x/exp v0.0.0-20230321023759-10a507213a29/go.mod h1:CxIveKay+FTh1D0yPZemJVgC/95VzuuOLq5Qi4xnoYc=
golang.org/x/image v0.3.0 h1:HTDXbdK9bjfSWkPzDJIw89W8CAtfFGduujWs33NLLsg=
golang.org/x/text v0.7.0 h1:4BRB4x83lYWy72KwLD/qYDuTu7q9PjSagHvijDw7cLo=
golang.org/x/text v0.7.0/go.mod h1:mrYo+phRRbMaCq/xk9113O4dZlRixOauAjOtrjsXDZ8=
golang.org/x/text v0.8.0 h1:57P1ETyNKtuIjB4SRd15iJxuhj8Gc416Y78H3qgMh68=
golang.org/x/text v0.8.0/go.mod h1:e1OnstbJyHTd6l/uOt8jFFHp6TRDWZR/bV3emEE/zU8=
seehuhn.de/go/dag v0.0.0-20230228001113-19b4e3c37e21 h1:lxbISEHVNtjW+p0IJAYNq40VWTv7XAdR0xReesN+rsk=
seehuhn.de/go/dag v0.0.0-20230228001113-19b4e3c37e21/go.mod h1:se0NAaAL9aI9pRBRK0EvlY3572GJTsF0J7RwMXEiKz4=
seehuhn.de/go/dijkstra v0.9.3 h1:uVbFjlAuhlwV45qM7S4Wz+C7XlfbgAaTfcZX1r8OgIA=
seehuhn.de/go/dijkstra v0.9.3/go.mod h1:YcrFNNQ1BIVFI0xIYnNa/StiSKQXuQIID8zgZjwAOFE=
seehuhn.de/go/pdf v0.1.1-0.20230301142732-4f3424aed857 h1:g3o76nYDt45trQaCzvbwf1H0vLxU3eFSkS+fxotnXik=
seehuhn.de/go/pdf v0.1.1-0.20230301142732-4f3424aed857/go.mod h1:3ZswG00MIkm9JvGR+8cgvMnzJ/Oe2itEo/cEAK1aLEU=
seehuhn.de/go/pdf v0.1.1-0.20230303180017-b8891ca4a0de h1:QzDmHUGIoftvODuc4mZnYuO/KXwl+0NawX2Q7w92hsI=
seehuhn.de/go/pdf v0.1.1-0.20230303180017-b8891ca4a0de/go.mod h1:YWmh6HbDqpoS/OgnpoAIMsCt5DbkmJWFVE4xstJu9OM=
seehuhn.de/go/pdf v0.1.1-0.20230307130417-85078ae5711f h1:8ujg46sBbM+totLIGqZkPg8xGn9LINl7TEv8kaqocMU=
seehuhn.de/go/pdf v0.1.1-0.20230307130417-85078ae5711f/go.mod h1:YWmh6HbDqpoS/OgnpoAIMsCt5DbkmJWFVE4xstJu9OM=
seehuhn.de/go/pdf v0.1.1-0.20230309063914-ec6ea135258c h1:fZwXQNqp88BHa0XfhZfqgvMMnIPF0aDCsg/zyHABNCA=
seehuhn.de/go/pdf v0.1.1-0.20230309063914-ec6ea135258c/go.mod h1:YWmh6HbDqpoS/OgnpoAIMsCt5DbkmJWFVE4xstJu9OM=
seehuhn.de/go/pdf v0.1.1-0.20230310170848-8f7dfb94aa50 h1:K1PdDy2xNgm/ViIRz8J6PDpeOtZNUQJiS9XPAxZz9Yg=
seehuhn.de/go/pdf v0.1.1-0.20230310170848-8f7dfb94aa50/go.mod h1:YWmh6HbDqpoS/OgnpoAIMsCt5DbkmJWFVE4xstJu9OM=
seehuhn.de/go/pdf v0.1.1-0.20230314224815-aa2e91a127af h1:5X8WREYWqH0ALUOsCZkHIGCrS2FmlvmMfbInMCPwko0=
seehuhn.de/go/pdf v0.1.1-0.20230314224815-aa2e91a127af/go.mod h1:YWmh6HbDqpoS/OgnpoAIMsCt5DbkmJWFVE4xstJu9OM=
seehuhn.de/go/pdf v0.1.1-0.20230316145842-1f2f1c8b1aa1 h1:vES8OyFUnhac9eLq5w/RHx88mDvsjlnIKL36U0wa2/g=
seehuhn.de/go/pdf v0.1.1-0.20230316145842-1f2f1c8b1aa1/go.mod h1:YWmh6HbDqpoS/OgnpoAIMsCt5DbkmJWFVE4xstJu9OM=
seehuhn.de/go/pdf v0.1.1-0.20230319134708-138f8bc4433b h1:4BDepe7IQNh7qd2Sd79hkgLpaT4Yzx+2WJnaajnxkTA=
seehuhn.de/go/pdf v0.1.1-0.20230319134708-138f8bc4433b/go.mod h1:YWmh6HbDqpoS/OgnpoAIMsCt5DbkmJWFVE4xstJu9OM=
seehuhn.de/go/pdf v0.1.1-0.20230319231010-e118a093c472 h1:z54lon9M6TAKU1CzOAYbNSZeXr94tD3lQk+J5Q83gSc=
seehuhn.de/go/pdf v0.1.1-0.20230319231010-e118a093c472/go.mod h1:YWmh6HbDqpoS/OgnpoAIMsCt5DbkmJWFVE4xstJu9OM=
seehuhn.de/go/pdf v0.1.1-0.20230320124120-d08b3c490d03 h1:kzqhm19Zuc6sO383buIEiJFox1fqdL4OfauSwUCllGc=
seehuhn.de/go/pdf v0.1.1-0.20230320124120-d08b3c490d03/go.mod h1:YWmh6HbDqpoS/OgnpoAIMsCt5DbkmJWFVE4xstJu9OM=
seehuhn.de/go/pdf v0.1.1-0.20230320232151-c72ecfc53477 h1:2d6IvkozcE+upvUrP0rab83LkknoNupFPIFKz3SQSqo=
seehuhn.de/go/pdf v0.1.1-0.20230320232151-c72ecfc53477/go.mod h1:YWmh6HbDqpoS/OgnpoAIMsCt5DbkmJWFVE4xstJu9OM=
seehuhn.de/go/pdf v0.1.1-0.20230328105339-e8008436e622 h1:Zw9wgpZ549CgovSLwm53R7/DK/Wb5C+753zhDrxsKXs=
seehuhn.de/go/pdf v0.1.1-0.20230328105339-e8008436e622/go.mod h1:QldMDkzlLT8R9Ju3oT/IX/gc4TA9ikoIIv5DMTXi23M=
seehuhn.de/go/sfnt v0.0.0-20230221152810-19ee833c296e h1:shpzvLLfxUTct8L/ouPGSC0GhyeUX/Cie0S0Ut4Kzak=
seehuhn.de/go/sfnt v0.0.0-20230221152810-19ee833c296e/go.mod h1:RKgZDBBqBN+2fWeDy9XCo7h43c/oKLcoNORfiGDVek4=
seehuhn.de/go/sfnt v0.0.0-20230303175840-8ba52fbc4bee h1:5A2581L3K4EjLdrA6GLWwv3sIwgIl5SPs5Belvnvf10=
seehuhn.de/go/sfnt v0.0.0-20230303175840-8ba52fbc4bee/go.mod h1:5c8lCHyX7n5Wy0G2xsz3sitI4WbqEYhV5hq5hrvBfSE=
seehuhn.de/go/sfnt v0.0.0-20230316145804-ab7e8aec73c2 h1:lcHEd5VpUP8Fw5p0T483c8Q61DikE1EZNED1xAi5vck=
seehuhn.de/go/sfnt v0.0.0-20230316145804-ab7e8aec73c2/go.mod h1:5c8lCHyX7n5Wy0G2xsz3sitI4WbqEYhV5hq5hrvBfSE=
