github.com/google/go-cmp v0.5.9 h1:O2Tfq5qg4qc4AmwVlvv0oLiVAGB7enBSJ2x2DqQFi38=
golang.org/x/exp v0.0.0-20230118134722-a68e582fa157 h1:fiNkyhJPUvxbRPbCqY/D9qdjmPzfHcpK3P4bM4gioSY=
golang.org/x/image v0.3.0 h1:HTDXbdK9bjfSWkPzDJIw89W8CAtfFGduujWs33NLLsg=
golang.org/x/text v0.6.0 h1:3XmdazWV+ubf7QgHSTWeykHOci5oeekaGJBLkrkaw4k=
golang.org/x/text v0.6.0/go.mod h1:mrYo+phRRbMaCq/xk9113O4dZlRixOauAjOtrjsXDZ8=
seehuhn.de/go/dijkstra v0.9.2 h1:mu4jjs96BmNty4L6pZHepUdkWB8OmUNT6bjkiZjO4F4=
seehuhn.de/go/dijkstra v0.9.2/go.mod h1:YcrFNNQ1BIVFI0xIYnNa/StiSKQXuQIID8zgZjwAOFE=
seehuhn.de/go/pdf v0.0.0-20230116151338-80f996d63b00 h1:QNuGWj1aS0kXu1oe6UwxKbz2/wtC7Ag5+WnZaAxMc/I=
seehuhn.de/go/pdf v0.0.0-20230116151338-80f996d63b00/go.mod h1:BRxTMSWrDMk0jKXczT4JV0RnLqxNp5/j2rBYoer3wJs=
seehuhn.de/go/sfnt v0.0.0-20230114212117-2a6a867c02d9 h1:/i6GUNVq7N5JMbg1Is30XgnAVBTYiOTPbiJhd6ouUsk=
seehuhn.de/go/sfnt v0.0.0-20230114212117-2a6a867c02d9/go.mod h1:xund9dDSlWxfSBWx2SwuuJH8HGmMYWf+RrJNAU4d0SE=
